
Microsoft Visual Studio Solution File, Format Version 12.00
# Visual Studio Version 17
VisualStudioVersion = 17.9.34723.18
MinimumVisualStudioVersion = 10.0.40219.1
Project("{9A19103F-16F7-4668-BE54-9A1E7A4F7556}") = "Task1AdoNet", "Task1AdoNet\Task1AdoNet.csproj", "{92284A9C-AD9C-4094-97CB-B34C64A305B7}"
EndProject
Global
	GlobalSection(SolutionConfigurationPlatforms) = preSolution
		Debug|Any CPU = Debug|Any CPU
		Release|Any CPU = Release|Any CPU
	EndGlobalSection
	GlobalSection(ProjectConfigurationPlatforms) = postSolution
		{92284A9C-AD9C-4094-97CB-B34C64A305B7}.Debug|Any CPU.ActiveCfg = Debug|Any CPU
		{92284A9C-AD9C-4094-97CB-B34C64A305B7}.Debug|Any CPU.Build.0 = Debug|Any CPU
		{92284A9C-AD9C-4094-97CB-B34C64A305B7}.Release|Any CPU.ActiveCfg = Release|Any CPU
		{92284A9C-AD9C-4094-97CB-B34C64A305B7}.Release|Any CPU.Build.0 = Release|Any CPU
	EndGlobalSection
	GlobalSection(SolutionProperties) = preSolution
		HideSolutionNode = FALSE
	EndGlobalSection
	GlobalSection(ExtensibilityGlobals) = postSolution
		SolutionGuid = {AF6CF411-09C2-496A-A3CD-07DB31102C59}
	EndGlobalSection
EndGlobal
